
Microsoft Visual Studio Solution File, Format Version 12.00
# Visual Studio Version 17
VisualStudioVersion = 17.8.34511.84
MinimumVisualStudioVersion = 10.0.40219.1
Project("{9A19103F-16F7-4668-BE54-9A1E7A4F7556}") = "DocManager", "DocManager\DocManager.csproj", "{68226E1C-E485-440C-9236-031C2E4306F1}"
EndProject
Project("{E53339B2-1760-4266-BCC7-CA923CBCF16C}") = "docker-compose", "docker-compose.dcproj", "{9AB7F886-6296-47C7-8D7C-89F2786D85F5}"
EndProject
Project("{FAE04EC0-301F-11D3-BF4B-00C04F79EFBC}") = "DocManager.Tests", "DocManager.Tests\DocManager.Tests.csproj", "{DE1DB089-5380-44C8-9763-8E9BC6185812}"
EndProject
Global
	GlobalSection(SolutionConfigurationPlatforms) = preSolution
		Debug|Any CPU = Debug|Any CPU
		Release|Any CPU = Release|Any CPU
	EndGlobalSection
	GlobalSection(ProjectConfigurationPlatforms) = postSolution
		{68226E1C-E485-440C-9236-031C2E4306F1}.Debug|Any CPU.ActiveCfg = Debug|Any CPU
		{68226E1C-E485-440C-9236-031C2E4306F1}.Debug|Any CPU.Build.0 = Debug|Any CPU
		{68226E1C-E485-440C-9236-031C2E4306F1}.Release|Any CPU.ActiveCfg = Release|Any CPU
		{68226E1C-E485-440C-9236-031C2E4306F1}.Release|Any CPU.Build.0 = Release|Any CPU
		{9AB7F886-6296-47C7-8D7C-89F2786D85F5}.Debug|Any CPU.ActiveCfg = Debug|Any CPU
		{9AB7F886-6296-47C7-8D7C-89F2786D85F5}.Debug|Any CPU.Build.0 = Debug|Any CPU
		{9AB7F886-6296-47C7-8D7C-89F2786D85F5}.Release|Any CPU.ActiveCfg = Release|Any CPU
		{9AB7F886-6296-47C7-8D7C-89F2786D85F5}.Release|Any CPU.Build.0 = Release|Any CPU
		{DE1DB089-5380-44C8-9763-8E9BC6185812}.Debug|Any CPU.ActiveCfg = Debug|Any CPU
		{DE1DB089-5380-44C8-9763-8E9BC6185812}.Debug|Any CPU.Build.0 = Debug|Any CPU
		{DE1DB089-5380-44C8-9763-8E9BC6185812}.Release|Any CPU.ActiveCfg = Release|Any CPU
		{DE1DB089-5380-44C8-9763-8E9BC6185812}.Release|Any CPU.Build.0 = Release|Any CPU
	EndGlobalSection
	GlobalSection(SolutionProperties) = preSolution
		HideSolutionNode = FALSE
	EndGlobalSection
	GlobalSection(ExtensibilityGlobals) = postSolution
		SolutionGuid = {B90DB3AD-C7C8-4F2D-B314-1107BDD0070B}
	EndGlobalSection
EndGlobal
